
Microsoft Visual Studio Solution File, Format Version 12.00
# Visual Studio Version 16
VisualStudioVersion = 16.0.33801.447
MinimumVisualStudioVersion = 10.0.40219.1
Project("{FAE04EC0-301F-11D3-BF4B-00C04F79EFBC}") = "Practice", "Practice\Practice.csproj", "{F4F9E58C-A5F0-44D9-A200-D4295EFFD8C3}"
EndProject
Global
	GlobalSection(SolutionConfigurationPlatforms) = preSolution
		Debug|Any CPU = Debug|Any CPU
		Release|Any CPU = Release|Any CPU
	EndGlobalSection
	GlobalSection(ProjectConfigurationPlatforms) = postSolution
		{F4F9E58C-A5F0-44D9-A200-D4295EFFD8C3}.Debug|Any CPU.ActiveCfg = Debug|Any CPU
		{F4F9E58C-A5F0-44D9-A200-D4295EFFD8C3}.Debug|Any CPU.Build.0 = Debug|Any CPU
		{F4F9E58C-A5F0-44D9-A200-D4295EFFD8C3}.Release|Any CPU.ActiveCfg = Release|Any CPU
		{F4F9E58C-A5F0-44D9-A200-D4295EFFD8C3}.Release|Any CPU.Build.0 = Release|Any CPU
	EndGlobalSection
	GlobalSection(SolutionProperties) = preSolution
		HideSolutionNode = FALSE
	EndGlobalSection
	GlobalSection(ExtensibilityGlobals) = postSolution
		SolutionGuid = {4FDEF801-C984-4247-9578-7118A05E0A5C}
	EndGlobalSection
EndGlobal
